
Microsoft Visual Studio Solution File, Format Version 12.00
# Visual Studio Version 16
VisualStudioVersion = 16.0.30011.22
MinimumVisualStudioVersion = 10.0.40219.1
Project("{FAE04EC0-301F-11D3-BF4B-00C04F79EFBC}") = "Dr_Appointment", "Dr_Appointment.csproj", "{C5EA5ED7-E709-4EC1-A86A-95FCFBC0EAC3}"
EndProject
Global
	GlobalSection(SolutionConfigurationPlatforms) = preSolution
		Debug|ARM = Debug|ARM
		Debug|ARM64 = Debug|ARM64
		Debug|x64 = Debug|x64
		Debug|x86 = Debug|x86
		Release|ARM = Release|ARM
		Release|ARM64 = Release|ARM64
		Release|x64 = Release|x64
		Release|x86 = Release|x86
	EndGlobalSection
	GlobalSection(ProjectConfigurationPlatforms) = postSolution
		{C5EA5ED7-E709-4EC1-A86A-95FCFBC0EAC3}.Debug|ARM.ActiveCfg = Debug|ARM
		{C5EA5ED7-E709-4EC1-A86A-95FCFBC0EAC3}.Debug|ARM.Build.0 = Debug|ARM
		{C5EA5ED7-E709-4EC1-A86A-95FCFBC0EAC3}.Debug|ARM.Deploy.0 = Debug|ARM
		{C5EA5ED7-E709-4EC1-A86A-95FCFBC0EAC3}.Debug|ARM64.ActiveCfg = Debug|ARM64
		{C5EA5ED7-E709-4EC1-A86A-95FCFBC0EAC3}.Debug|ARM64.Build.0 = Debug|ARM64
		{C5EA5ED7-E709-4EC1-A86A-95FCFBC0EAC3}.Debug|ARM64.Deploy.0 = Debug|ARM64
		{C5EA5ED7-E709-4EC1-A86A-95FCFBC0EAC3}.Debug|x64.ActiveCfg = Debug|x64
		{C5EA5ED7-E709-4EC1-A86A-95FCFBC0EAC3}.Debug|x64.Build.0 = Debug|x64
		{C5EA5ED7-E709-4EC1-A86A-95FCFBC0EAC3}.Debug|x64.Deploy.0 = Debug|x64
		{C5EA5ED7-E709-4EC1-A86A-95FCFBC0EAC3}.Debug|x86.ActiveCfg = Debug|x86
		{C5EA5ED7-E709-4EC1-A86A-95FCFBC0EAC3}.Debug|x86.Build.0 = Debug|x86
		{C5EA5ED7-E709-4EC1-A86A-95FCFBC0EAC3}.Debug|x86.Deploy.0 = Debug|x86
		{C5EA5ED7-E709-4EC1-A86A-95FCFBC0EAC3}.Release|ARM.ActiveCfg = Release|ARM
		{C5EA5ED7-E709-4EC1-A86A-95FCFBC0EAC3}.Release|ARM.Build.0 = Release|ARM
		{C5EA5ED7-E709-4EC1-A86A-95FCFBC0EAC3}.Release|ARM.Deploy.0 = Release|ARM
		{C5EA5ED7-E709-4EC1-A86A-95FCFBC0EAC3}.Release|ARM64.ActiveCfg = Release|ARM64
		{C5EA5ED7-E709-4EC1-A86A-95FCFBC0EAC3}.Release|ARM64.Build.0 = Release|ARM64
		{C5EA5ED7-E709-4EC1-A86A-95FCFBC0EAC3}.Release|ARM64.Deploy.0 = Release|ARM64
		{C5EA5ED7-E709-4EC1-A86A-95FCFBC0EAC3}.Release|x64.ActiveCfg = Release|x64
		{C5EA5ED7-E709-4EC1-A86A-95FCFBC0EAC3}.Release|x64.Build.0 = Release|x64
		{C5EA5ED7-E709-4EC1-A86A-95FCFBC0EAC3}.Release|x64.Deploy.0 = Release|x64
		{C5EA5ED7-E709-4EC1-A86A-95FCFBC0EAC3}.Release|x86.ActiveCfg = Release|x86
		{C5EA5ED7-E709-4EC1-A86A-95FCFBC0EAC3}.Release|x86.Build.0 = Release|x86
		{C5EA5ED7-E709-4EC1-A86A-95FCFBC0EAC3}.Release|x86.Deploy.0 = Release|x86
	EndGlobalSection
	GlobalSection(SolutionProperties) = preSolution
		HideSolutionNode = FALSE
	EndGlobalSection
	GlobalSection(ExtensibilityGlobals) = postSolution
		SolutionGuid = {B4230A0C-3D2F-498F-AC5F-8FBE4E58B131}
	EndGlobalSection
EndGlobal
